#MicroXplorer Configuration settings - do not modify
ADC1.Channel-4\#ChannelRegularConversion=ADC_CHANNEL_0
ADC1.IPParameters=Rank-4\#ChannelRegularConversion,Channel-4\#ChannelRegularConversion,SamplingTime-4\#ChannelRegularConversion,NbrOfConversionFlag,master
ADC1.NbrOfConversionFlag=1
ADC1.Rank-4\#ChannelRegularConversion=1
ADC1.SamplingTime-4\#ChannelRegularConversion=ADC_SAMPLETIME_1CYCLE_5
ADC1.master=1
CAD.formats=[{"id"\:"altium","cad_product"\:"Altium Designer","cad_family"\:"Altium"}]
CAD.pinconfig=Dual
CAD.provider=Component Search Engine
CAN.CalculateBaudRate=749999
CAN.CalculateTimeBit=1333
CAN.CalculateTimeQuantum=444.44444444444446
CAN.IPParameters=CalculateTimeQuantum,CalculateTimeBit,CalculateBaudRate
Dma.Request0=USART1_RX
Dma.Request1=USART2_RX
Dma.Request2=USART1_TX
Dma.Request3=USART2_TX
Dma.RequestsNb=4
Dma.USART1_RX.0.Direction=DMA_PERIPH_TO_MEMORY
Dma.USART1_RX.0.Instance=DMA1_Channel5
Dma.USART1_RX.0.MemDataAlignment=DMA_MDATAALIGN_BYTE
Dma.USART1_RX.0.MemInc=DMA_MINC_ENABLE
Dma.USART1_RX.0.Mode=DMA_CIRCULAR
Dma.USART1_RX.0.PeriphDataAlignment=DMA_PDATAALIGN_BYTE
Dma.USART1_RX.0.PeriphInc=DMA_PINC_DISABLE
Dma.USART1_RX.0.Priority=DMA_PRIORITY_LOW
Dma.USART1_RX.0.RequestParameters=Instance,Direction,PeriphInc,MemInc,PeriphDataAlignment,MemDataAlignment,Mode,Priority
Dma.USART1_TX.2.Direction=DMA_MEMORY_TO_PERIPH
Dma.USART1_TX.2.Instance=DMA1_Channel4
Dma.USART1_TX.2.MemDataAlignment=DMA_MDATAALIGN_BYTE
Dma.USART1_TX.2.MemInc=DMA_MINC_ENABLE
Dma.USART1_TX.2.Mode=DMA_NORMAL
Dma.USART1_TX.2.PeriphDataAlignment=DMA_PDATAALIGN_BYTE
Dma.USART1_TX.2.PeriphInc=DMA_PINC_DISABLE
Dma.USART1_TX.2.Priority=DMA_PRIORITY_LOW
Dma.USART1_TX.2.RequestParameters=Instance,Direction,PeriphInc,MemInc,PeriphDataAlignment,MemDataAlignment,Mode,Priority
Dma.USART2_RX.1.Direction=DMA_PERIPH_TO_MEMORY
Dma.USART2_RX.1.Instance=DMA1_Channel6
Dma.USART2_RX.1.MemDataAlignment=DMA_MDATAALIGN_BYTE
Dma.USART2_RX.1.MemInc=DMA_MINC_ENABLE
Dma.USART2_RX.1.Mode=DMA_CIRCULAR
Dma.USART2_RX.1.PeriphDataAlignment=DMA_PDATAALIGN_BYTE
Dma.USART2_RX.1.PeriphInc=DMA_PINC_DISABLE
Dma.USART2_RX.1.Priority=DMA_PRIORITY_LOW
Dma.USART2_RX.1.RequestParameters=Instance,Direction,PeriphInc,MemInc,PeriphDataAlignment,MemDataAlignment,Mode,Priority
Dma.USART2_TX.3.Direction=DMA_MEMORY_TO_PERIPH
Dma.USART2_TX.3.Instance=DMA1_Channel7
Dma.USART2_TX.3.MemDataAlignment=DMA_MDATAALIGN_BYTE
Dma.USART2_TX.3.MemInc=DMA_MINC_ENABLE
Dma.USART2_TX.3.Mode=DMA_NORMAL
Dma.USART2_TX.3.PeriphDataAlignment=DMA_PDATAALIGN_BYTE
Dma.USART2_TX.3.PeriphInc=DMA_PINC_DISABLE
Dma.USART2_TX.3.Priority=DMA_PRIORITY_LOW
Dma.USART2_TX.3.RequestParameters=Instance,Direction,PeriphInc,MemInc,PeriphDataAlignment,MemDataAlignment,Mode,Priority
FREERTOS.FootprintOK=true
FREERTOS.IPParameters=Tasks01,configTOTAL_HEAP_SIZE,FootprintOK
FREERTOS.Tasks01=defaultTask,24,512,systemTaskUpdata,As weak,NULL,Dynamic,NULL,NULL;userTask_1,24,512,user1TaskUpdata,As weak,NULL,Dynamic,NULL,NULL;userTask_2,24,512,user2TaskUpdata,As weak,NULL,Dynamic,NULL,NULL
FREERTOS.configTOTAL_HEAP_SIZE=10240
File.Version=6
GPIO.groupedBy=Group By Peripherals
KeepUserPlacement=false
Mcu.CPN=STM32F103C8T6
Mcu.Family=STM32F1
Mcu.IP0=ADC1
Mcu.IP1=CAN
Mcu.IP10=USART1
Mcu.IP11=USART2
Mcu.IP12=USART3
Mcu.IP2=DMA
Mcu.IP3=FREERTOS
Mcu.IP4=NVIC
Mcu.IP5=RCC
Mcu.IP6=SYS
Mcu.IP7=TIM2
Mcu.IP8=TIM3
Mcu.IP9=TIM4
Mcu.IPNb=13
Mcu.Name=STM32F103C(8-B)Tx
Mcu.Package=LQFP48
Mcu.Pin0=PC13-TAMPER-RTC
Mcu.Pin1=PC14-OSC32_IN
Mcu.Pin10=PA5
Mcu.Pin11=PA6
Mcu.Pin12=PA7
Mcu.Pin13=PB0
Mcu.Pin14=PB1
Mcu.Pin15=PB2
Mcu.Pin16=PB10
Mcu.Pin17=PB11
Mcu.Pin18=PB12
Mcu.Pin19=PB13
Mcu.Pin2=PC15-OSC32_OUT
Mcu.Pin20=PB14
Mcu.Pin21=PB15
Mcu.Pin22=PA8
Mcu.Pin23=PA9
Mcu.Pin24=PA10
Mcu.Pin25=PA11
Mcu.Pin26=PA12
Mcu.Pin27=PA13
Mcu.Pin28=PA14
Mcu.Pin29=PA15
Mcu.Pin3=PD0-OSC_IN
Mcu.Pin30=PB3
Mcu.Pin31=PB4
Mcu.Pin32=PB5
Mcu.Pin33=PB6
Mcu.Pin34=PB7
Mcu.Pin35=PB8
Mcu.Pin36=PB9
Mcu.Pin37=VP_FREERTOS_VS_CMSIS_V2
Mcu.Pin38=VP_SYS_VS_tim1
Mcu.Pin39=VP_TIM2_VS_ClockSourceINT
Mcu.Pin4=PD1-OSC_OUT
Mcu.Pin40=VP_TIM3_VS_ClockSourceINT
Mcu.Pin41=VP_TIM4_VS_ClockSourceINT
Mcu.Pin5=PA0-WKUP
Mcu.Pin6=PA1
Mcu.Pin7=PA2
Mcu.Pin8=PA3
Mcu.Pin9=PA4
Mcu.PinsNb=42
Mcu.ThirdPartyNb=0
Mcu.UserConstants=
Mcu.UserName=STM32F103C8Tx
MxCube.Version=6.16.0
MxDb.Version=DB.6.0.160
NVIC.BusFault_IRQn=true\:0\:0\:false\:false\:true\:false\:false\:false\:false
NVIC.DMA1_Channel4_IRQn=true\:5\:0\:false\:false\:true\:true\:false\:true\:true
NVIC.DMA1_Channel5_IRQn=true\:5\:0\:false\:false\:true\:true\:false\:true\:true
NVIC.DMA1_Channel6_IRQn=true\:5\:0\:false\:false\:true\:true\:false\:true\:true
NVIC.DMA1_Channel7_IRQn=true\:5\:0\:false\:false\:true\:true\:false\:true\:true
NVIC.DebugMonitor_IRQn=true\:0\:0\:false\:false\:true\:false\:false\:false\:false
NVIC.ForceEnableDMAVector=true
NVIC.HardFault_IRQn=true\:0\:0\:false\:false\:true\:false\:false\:false\:false
NVIC.MemoryManagement_IRQn=true\:0\:0\:false\:false\:true\:false\:false\:false\:false
NVIC.NonMaskableInt_IRQn=true\:0\:0\:false\:false\:true\:false\:false\:false\:false
NVIC.PendSV_IRQn=true\:15\:0\:false\:false\:false\:true\:false\:false\:false
NVIC.PriorityGroup=NVIC_PRIORITYGROUP_4
NVIC.SVCall_IRQn=true\:0\:0\:false\:false\:false\:false\:false\:false\:false
NVIC.SavedPendsvIrqHandlerGenerated=true
NVIC.SavedSvcallIrqHandlerGenerated=true
NVIC.SavedSystickIrqHandlerGenerated=true
NVIC.SysTick_IRQn=true\:15\:0\:false\:false\:false\:true\:false\:true\:false
NVIC.TIM1_UP_IRQn=true\:15\:0\:false\:false\:true\:false\:false\:true\:true
NVIC.TimeBase=TIM1_UP_IRQn
NVIC.TimeBaseIP=TIM1
NVIC.USART1_IRQn=true\:5\:0\:false\:false\:true\:true\:true\:true\:true
NVIC.USART2_IRQn=true\:5\:0\:false\:false\:true\:true\:true\:true\:true
NVIC.USART3_IRQn=true\:5\:0\:false\:false\:true\:true\:true\:true\:true
NVIC.UsageFault_IRQn=true\:0\:0\:false\:false\:true\:false\:false\:false\:false
PA0-WKUP.Signal=ADCx_IN0
PA1.Signal=ADCx_IN1
PA10.Mode=Asynchronous
PA10.Signal=USART1_RX
PA11.Mode=CAN_Activate
PA11.Signal=CAN_RX
PA12.Mode=CAN_Activate
PA12.Signal=CAN_TX
PA13.Mode=Serial_Wire
PA13.Signal=SYS_JTMS-SWDIO
PA14.Mode=Serial_Wire
PA14.Signal=SYS_JTCK-SWCLK
PA15.Signal=S_TIM2_CH1_ETR
PA2.Mode=Asynchronous
PA2.Signal=USART2_TX
PA3.Mode=Asynchronous
PA3.Signal=USART2_RX
PA4.GPIOParameters=GPIO_PuPd,GPIO_Label
PA4.GPIO_Label=USER_IO_7
PA4.GPIO_PuPd=GPIO_PULLUP
PA4.Locked=true
PA4.Signal=GPIO_Output
PA5.GPIOParameters=GPIO_PuPd,GPIO_Label
PA5.GPIO_Label=USER_IO_8
PA5.GPIO_PuPd=GPIO_PULLUP
PA5.Locked=true
PA5.Signal=GPIO_Output
PA6.Signal=S_TIM3_CH1
PA7.Signal=S_TIM3_CH2
PA8.GPIOParameters=GPIO_PuPd,GPIO_Label
PA8.GPIO_Label=USER_IO_2
PA8.GPIO_PuPd=GPIO_PULLUP
PA8.Locked=true
PA8.Signal=GPIO_Output
PA9.Mode=Asynchronous
PA9.Signal=USART1_TX
PB0.Locked=true
PB0.Signal=S_TIM3_CH3
PB1.Locked=true
PB1.Signal=S_TIM3_CH4
PB10.Mode=Asynchronous
PB10.Signal=USART3_TX
PB11.Mode=Asynchronous
PB11.Signal=USART3_RX
PB12.GPIOParameters=GPIO_PuPd,GPIO_Label
PB12.GPIO_Label=USER_IO_4
PB12.GPIO_PuPd=GPIO_PULLUP
PB12.Locked=true
PB12.Signal=GPIO_Output
PB13.GPIOParameters=GPIO_PuPd,GPIO_Label
PB13.GPIO_Label=USER_IO_3
PB13.GPIO_PuPd=GPIO_PULLUP
PB13.Locked=true
PB13.Signal=GPIO_Output
PB14.GPIOParameters=GPIO_PuPd,GPIO_Label
PB14.GPIO_Label=KEY_2
PB14.GPIO_PuPd=GPIO_PULLUP
PB14.Locked=true
PB14.Signal=GPIO_Input
PB15.GPIOParameters=GPIO_PuPd,GPIO_Label
PB15.GPIO_Label=KEY_1
PB15.GPIO_PuPd=GPIO_PULLUP
PB15.Locked=true
PB15.Signal=GPIO_Input
PB2.GPIOParameters=GPIO_PuPd,GPIO_Label
PB2.GPIO_Label=USER_IO_5
PB2.GPIO_PuPd=GPIO_PULLUP
PB2.Locked=true
PB2.Signal=GPIO_Output
PB3.Signal=S_TIM2_CH2
PB4.GPIOParameters=GPIO_PuPd,GPIO_Label
PB4.GPIO_Label=I2C_SDA
PB4.GPIO_PuPd=GPIO_PULLUP
PB4.Locked=true
PB4.Signal=GPIO_Output
PB5.GPIOParameters=GPIO_PuPd,GPIO_Label
PB5.GPIO_Label=I2C_SDL
PB5.GPIO_PuPd=GPIO_PULLUP
PB5.Locked=true
PB5.Signal=GPIO_Output
PB6.Signal=S_TIM4_CH1
PB7.GPIOParameters=GPIO_PuPd,GPIO_Label
PB7.GPIO_Label=USER_IO_6
PB7.GPIO_PuPd=GPIO_PULLUP
PB7.Locked=true
PB7.Signal=GPIO_Output
PB8.GPIOParameters=GPIO_PuPd,GPIO_Label
PB8.GPIO_Label=USER_IO_1
PB8.GPIO_PuPd=GPIO_PULLUP
PB8.Locked=true
PB8.Signal=GPIO_Output
PB9.GPIOParameters=GPIO_Label
PB9.GPIO_Label=PWM_BUZZER
PB9.Signal=S_TIM4_CH4
PC13-TAMPER-RTC.GPIOParameters=GPIO_PuPd,GPIO_Label
PC13-TAMPER-RTC.GPIO_Label=KEY_3
PC13-TAMPER-RTC.GPIO_PuPd=GPIO_PULLUP
PC13-TAMPER-RTC.Locked=true
PC13-TAMPER-RTC.Signal=GPIO_Input
PC14-OSC32_IN.GPIOParameters=GPIO_PuPd,GPIO_Label
PC14-OSC32_IN.GPIO_Label=RGB_G
PC14-OSC32_IN.GPIO_PuPd=GPIO_PULLDOWN
PC14-OSC32_IN.Locked=true
PC14-OSC32_IN.Signal=GPIO_Output
PC15-OSC32_OUT.GPIOParameters=GPIO_PuPd,GPIO_Label
PC15-OSC32_OUT.GPIO_Label=RGB_R
PC15-OSC32_OUT.GPIO_PuPd=GPIO_PULLDOWN
PC15-OSC32_OUT.Locked=true
PC15-OSC32_OUT.Signal=GPIO_Output
PCC.Checker=false
PCC.Line=STM32F103
PCC.MCU=STM32F103C(8-B)Tx
PCC.PartNumber=STM32F103C8Tx
PCC.Series=STM32F1
PCC.Temperature=25
PCC.Vdd=3.3
PD0-OSC_IN.Mode=HSE-External-Oscillator
PD0-OSC_IN.Signal=RCC_OSC_IN
PD1-OSC_OUT.Mode=HSE-External-Oscillator
PD1-OSC_OUT.Signal=RCC_OSC_OUT
PinOutPanel.RotationAngle=0
ProjectManager.AskForMigrate=true
ProjectManager.BackupPrevious=false
ProjectManager.CompilerLinker=GCC
ProjectManager.CompilerOptimize=6
ProjectManager.ComputerToolchain=false
ProjectManager.CoupleFile=true
ProjectManager.CustomerFirmwarePackage=
ProjectManager.DefaultFWLocation=true
ProjectManager.DeletePrevious=true
ProjectManager.DeviceId=STM32F103C8Tx
ProjectManager.FirmwarePackage=STM32Cube FW_F1 V1.8.7
ProjectManager.FreePins=false
ProjectManager.FreePinsContext=
ProjectManager.HalAssertFull=false
ProjectManager.HeapSize=0x200
ProjectManager.KeepUserCode=true
ProjectManager.LastFirmware=true
ProjectManager.LibraryCopy=0
ProjectManager.MainLocation=Core/Src
ProjectManager.NoMain=false
ProjectManager.PreviousToolchain=
ProjectManager.ProjectBuild=false
ProjectManager.ProjectFileName=f1_sft_1.ioc
ProjectManager.ProjectName=f1_sft_1
ProjectManager.ProjectStructure=
ProjectManager.RegisterCallBack=
ProjectManager.StackSize=0x400
ProjectManager.TargetToolchain=MDK-ARM V5
ProjectManager.ToolChainLocation=
ProjectManager.UAScriptAfterPath=
ProjectManager.UAScriptBeforePath=
ProjectManager.UnderRoot=false
ProjectManager.functionlistsort=1-SystemClock_Config-RCC-false-HAL-false,2-MX_GPIO_Init-GPIO-false-HAL-true,3-MX_DMA_Init-DMA-false-HAL-true,4-MX_TIM3_Init-TIM3-false-HAL-true,5-MX_USART1_UART_Init-USART1-false-HAL-true,6-MX_USART2_UART_Init-USART2-false-HAL-true,7-MX_USART3_UART_Init-USART3-false-HAL-true,8-MX_TIM4_Init-TIM4-false-HAL-true,9-MX_ADC1_Init-ADC1-false-HAL-true,10-MX_CAN_Init-CAN-false-HAL-true,11-MX_TIM2_Init-TIM2-false-HAL-true
RCC.ADCFreqValue=12000000
RCC.ADCPresc=RCC_ADCPCLK2_DIV6
RCC.AHBFreq_Value=72000000
RCC.APB1CLKDivider=RCC_HCLK_DIV2
RCC.APB1Freq_Value=36000000
RCC.APB1TimFreq_Value=72000000
RCC.APB2Freq_Value=72000000
RCC.APB2TimFreq_Value=72000000
RCC.FCLKCortexFreq_Value=72000000
RCC.FamilyName=M
RCC.HCLKFreq_Value=72000000
RCC.IPParameters=ADCFreqValue,ADCPresc,AHBFreq_Value,APB1CLKDivider,APB1Freq_Value,APB1TimFreq_Value,APB2Freq_Value,APB2TimFreq_Value,FCLKCortexFreq_Value,FamilyName,HCLKFreq_Value,MCOFreq_Value,PLLCLKFreq_Value,PLLMCOFreq_Value,PLLMUL,PLLSourceVirtual,SYSCLKFreq_VALUE,SYSCLKSource,TimSysFreq_Value,USBFreq_Value,VCOOutput2Freq_Value
RCC.MCOFreq_Value=72000000
RCC.PLLCLKFreq_Value=72000000
RCC.PLLMCOFreq_Value=36000000
RCC.PLLMUL=RCC_PLL_MUL9
RCC.PLLSourceVirtual=RCC_PLLSOURCE_HSE
RCC.SYSCLKFreq_VALUE=72000000
RCC.SYSCLKSource=RCC_SYSCLKSOURCE_PLLCLK
RCC.TimSysFreq_Value=72000000
RCC.USBFreq_Value=72000000
RCC.VCOOutput2Freq_Value=8000000
SH.ADCx_IN0.0=ADC1_IN0,IN0
SH.ADCx_IN0.ConfNb=1
SH.ADCx_IN1.0=ADC1_IN1,IN1
SH.ADCx_IN1.ConfNb=1
SH.S_TIM2_CH1_ETR.0=TIM2_CH1,PWM Generation1 CH1
SH.S_TIM2_CH1_ETR.ConfNb=1
SH.S_TIM2_CH2.0=TIM2_CH2,PWM Generation2 CH2
SH.S_TIM2_CH2.ConfNb=1
SH.S_TIM3_CH1.0=TIM3_CH1,PWM Generation1 CH1
SH.S_TIM3_CH1.ConfNb=1
SH.S_TIM3_CH2.0=TIM3_CH2,PWM Generation2 CH2
SH.S_TIM3_CH2.ConfNb=1
SH.S_TIM3_CH3.0=TIM3_CH3,PWM Generation3 CH3
SH.S_TIM3_CH3.ConfNb=1
SH.S_TIM3_CH4.0=TIM3_CH4,PWM Generation4 CH4
SH.S_TIM3_CH4.ConfNb=1
SH.S_TIM4_CH1.0=TIM4_CH1,PWM Generation1 CH1
SH.S_TIM4_CH1.ConfNb=1
SH.S_TIM4_CH4.0=TIM4_CH4,PWM Generation4 CH4
SH.S_TIM4_CH4.ConfNb=1
TIM2.Channel-PWM\ Generation1\ CH1=TIM_CHANNEL_1
TIM2.Channel-PWM\ Generation2\ CH2=TIM_CHANNEL_2
TIM2.IPParameters=Channel-PWM Generation2 CH2,Channel-PWM Generation1 CH1,Prescaler,Period,Pulse-PWM Generation1 CH1,Pulse-PWM Generation2 CH2
TIM2.Period=19999
TIM2.Prescaler=71
TIM2.Pulse-PWM\ Generation1\ CH1=1000
TIM2.Pulse-PWM\ Generation2\ CH2=1000
TIM3.Channel-PWM\ Generation1\ CH1=TIM_CHANNEL_1
TIM3.Channel-PWM\ Generation2\ CH2=TIM_CHANNEL_2
TIM3.Channel-PWM\ Generation3\ CH3=TIM_CHANNEL_3
TIM3.Channel-PWM\ Generation4\ CH4=TIM_CHANNEL_4
TIM3.IPParameters=Channel-PWM Generation1 CH1,Channel-PWM Generation2 CH2,Prescaler,Period,Pulse-PWM Generation1 CH1,Pulse-PWM Generation2 CH2,Channel-PWM Generation4 CH4,Channel-PWM Generation3 CH3,Pulse-PWM Generation3 CH3,Pulse-PWM Generation4 CH4
TIM3.Period=999
TIM3.Prescaler=71
TIM3.Pulse-PWM\ Generation1\ CH1=500
TIM3.Pulse-PWM\ Generation2\ CH2=500
TIM3.Pulse-PWM\ Generation3\ CH3=500
TIM3.Pulse-PWM\ Generation4\ CH4=500
TIM4.Channel-PWM\ Generation1\ CH1=TIM_CHANNEL_1
TIM4.Channel-PWM\ Generation4\ CH4=TIM_CHANNEL_4
TIM4.IPParameters=Channel-PWM Generation1 CH1,Channel-PWM Generation4 CH4,Prescaler,Period,Pulse-PWM Generation1 CH1,Pulse-PWM Generation4 CH4
TIM4.Period=999
TIM4.Prescaler=71
TIM4.Pulse-PWM\ Generation1\ CH1=500
TIM4.Pulse-PWM\ Generation4\ CH4=500
USART1.IPParameters=VirtualMode
USART1.VirtualMode=VM_ASYNC
USART2.BaudRate=115200
USART2.IPParameters=VirtualMode,BaudRate
USART2.VirtualMode=VM_ASYNC
USART3.BaudRate=9600
USART3.IPParameters=VirtualMode,BaudRate
USART3.VirtualMode=VM_ASYNC
VP_FREERTOS_VS_CMSIS_V2.Mode=CMSIS_V2
VP_FREERTOS_VS_CMSIS_V2.Signal=FREERTOS_VS_CMSIS_V2
VP_SYS_VS_tim1.Mode=TIM1
VP_SYS_VS_tim1.Signal=SYS_VS_tim1
VP_TIM2_VS_ClockSourceINT.Mode=Internal
VP_TIM2_VS_ClockSourceINT.Signal=TIM2_VS_ClockSourceINT
VP_TIM3_VS_ClockSourceINT.Mode=Internal
VP_TIM3_VS_ClockSourceINT.Signal=TIM3_VS_ClockSourceINT
VP_TIM4_VS_ClockSourceINT.Mode=Internal
VP_TIM4_VS_ClockSourceINT.Signal=TIM4_VS_ClockSourceINT
board=custom
rtos.0.ip=FREERTOS
